
Microsoft Visual Studio Solution File, Format Version 12.00
# Visual Studio Version 16
VisualStudioVersion = 16.0.31005.135
MinimumVisualStudioVersion = 10.0.40219.1
Project("{9A19103F-16F7-4668-BE54-9A1E7A4F7556}") = "Compilador_Proyecto", "Compilador_Clase\Compilador_Proyecto.csproj", "{D693A444-A739-4C58-869B-88E7E5DC941F}"
EndProject
Project("{FAE04EC0-301F-11D3-BF4B-00C04F79EFBC}") = "MiniLanguageCompiler.Lexer", "MiniLanguageCompiler.Lexer\MiniLanguageCompiler.Lexer.csproj", "{8EAF4DE6-EFD4-437E-AA25-76063DC0FA33}"
EndProject
Project("{FAE04EC0-301F-11D3-BF4B-00C04F79EFBC}") = "MiniLanguageCompiler.Core", "MiniLanguageCompiler.Core\MiniLanguageCompiler.Core.csproj", "{D7CFFCE2-9136-4353-8072-26B13E890366}"
EndProject
Project("{FAE04EC0-301F-11D3-BF4B-00C04F79EFBC}") = "MiniLanguageCompiler.Infrastructure", "MiniLanguageCompiler.Infrastructure\MiniLanguageCompiler.Infrastructure.csproj", "{5214738E-C870-443A-9DF2-9C10D4C890BE}"
EndProject
Global
	GlobalSection(SolutionConfigurationPlatforms) = preSolution
		Debug|Any CPU = Debug|Any CPU
		Release|Any CPU = Release|Any CPU
	EndGlobalSection
	GlobalSection(ProjectConfigurationPlatforms) = postSolution
		{D693A444-A739-4C58-869B-88E7E5DC941F}.Debug|Any CPU.ActiveCfg = Debug|Any CPU
		{D693A444-A739-4C58-869B-88E7E5DC941F}.Debug|Any CPU.Build.0 = Debug|Any CPU
		{D693A444-A739-4C58-869B-88E7E5DC941F}.Release|Any CPU.ActiveCfg = Release|Any CPU
		{D693A444-A739-4C58-869B-88E7E5DC941F}.Release|Any CPU.Build.0 = Release|Any CPU
		{8EAF4DE6-EFD4-437E-AA25-76063DC0FA33}.Debug|Any CPU.ActiveCfg = Debug|Any CPU
		{8EAF4DE6-EFD4-437E-AA25-76063DC0FA33}.Debug|Any CPU.Build.0 = Debug|Any CPU
		{8EAF4DE6-EFD4-437E-AA25-76063DC0FA33}.Release|Any CPU.ActiveCfg = Release|Any CPU
		{8EAF4DE6-EFD4-437E-AA25-76063DC0FA33}.Release|Any CPU.Build.0 = Release|Any CPU
		{D7CFFCE2-9136-4353-8072-26B13E890366}.Debug|Any CPU.ActiveCfg = Debug|Any CPU
		{D7CFFCE2-9136-4353-8072-26B13E890366}.Debug|Any CPU.Build.0 = Debug|Any CPU
		{D7CFFCE2-9136-4353-8072-26B13E890366}.Release|Any CPU.ActiveCfg = Release|Any CPU
		{D7CFFCE2-9136-4353-8072-26B13E890366}.Release|Any CPU.Build.0 = Release|Any CPU
		{5214738E-C870-443A-9DF2-9C10D4C890BE}.Debug|Any CPU.ActiveCfg = Debug|Any CPU
		{5214738E-C870-443A-9DF2-9C10D4C890BE}.Debug|Any CPU.Build.0 = Debug|Any CPU
		{5214738E-C870-443A-9DF2-9C10D4C890BE}.Release|Any CPU.ActiveCfg = Release|Any CPU
		{5214738E-C870-443A-9DF2-9C10D4C890BE}.Release|Any CPU.Build.0 = Release|Any CPU
	EndGlobalSection
	GlobalSection(SolutionProperties) = preSolution
		HideSolutionNode = FALSE
	EndGlobalSection
	GlobalSection(ExtensibilityGlobals) = postSolution
		SolutionGuid = {7AD7DBDE-5FCF-4AD9-8233-BCFEB2B6EB75}
	EndGlobalSection
EndGlobal
